
Microsoft Visual Studio Solution File, Format Version 12.00
# Visual Studio Version 16
VisualStudioVersion = 16.0.30128.74
MinimumVisualStudioVersion = 10.0.40219.1
Project("{FAE04EC0-301F-11D3-BF4B-00C04F79EFBC}") = "Employees", "Employees\Employees.csproj", "{0B7A74FF-1630-48C9-B0B5-6A03090E6BF5}"
EndProject
Global
	GlobalSection(SolutionConfigurationPlatforms) = preSolution
		Debug|Any CPU = Debug|Any CPU
		Release|Any CPU = Release|Any CPU
	EndGlobalSection
	GlobalSection(ProjectConfigurationPlatforms) = postSolution
		{0B7A74FF-1630-48C9-B0B5-6A03090E6BF5}.Debug|Any CPU.ActiveCfg = Debug|Any CPU
		{0B7A74FF-1630-48C9-B0B5-6A03090E6BF5}.Debug|Any CPU.Build.0 = Debug|Any CPU
		{0B7A74FF-1630-48C9-B0B5-6A03090E6BF5}.Release|Any CPU.ActiveCfg = Release|Any CPU
		{0B7A74FF-1630-48C9-B0B5-6A03090E6BF5}.Release|Any CPU.Build.0 = Release|Any CPU
	EndGlobalSection
	GlobalSection(SolutionProperties) = preSolution
		HideSolutionNode = FALSE
	EndGlobalSection
	GlobalSection(ExtensibilityGlobals) = postSolution
		SolutionGuid = {005B3CAC-5F05-40C8-B0B0-45BA5E5C0B40}
	EndGlobalSection
EndGlobal
